// !$*UTF8*$!
{
	archiveVersion = 1;
	classes = {
	};
	objectVersion = 46;
	objects = {

/* Begin PBXBuildFile section */
		7FB5F3B0209BD21100B17964 /* lex.yy.c in Sources */ = {isa = PBXBuildFile; fileRef = 7FB5F3AF209BD21100B17964 /* lex.yy.c */; };
		7FE060D22096419400FD8DDE /* main.cpp in Sources */ = {isa = PBXBuildFile; fileRef = 7FE060CE2096419400FD8DDE /* main.cpp */; };
		7FE060D32096419400FD8DDE /* grammar.cpp in Sources */ = {isa = PBXBuildFile; fileRef = 7FE060CF2096419400FD8DDE /* grammar.cpp */; };
		7FE060D52096442400FD8DDE /* hw2.cpp in Sources */ = {isa = PBXBuildFile; fileRef = 7FE060D42096442400FD8DDE /* hw2.cpp */; };
/* End PBXBuildFile section */

/* Begin PBXCopyFilesBuildPhase section */
		7FE060BE2096416E00FD8DDE /* CopyFiles */ = {
			isa = PBXCopyFilesBuildPhase;
			buildActionMask = 2147483647;
			dstPath = /usr/share/man/man1/;
			dstSubfolderSpec = 0;
			files = (
			);
			runOnlyForDeploymentPostprocessing = 1;
		};
/* End PBXCopyFilesBuildPhase section */

/* Begin PBXFileReference section */
		7FB5F3AF209BD21100B17964 /* lex.yy.c */ = {isa = PBXFileReference; fileEncoding = 4; lastKnownFileType = sourcecode.c.c; path = lex.yy.c; sourceTree = "<group>"; };
		7FE060C02096416E00FD8DDE /* hw2 */ = {isa = PBXFileReference; explicitFileType = "compiled.mach-o.executable"; includeInIndex = 0; path = hw2; sourceTree = BUILT_PRODUCTS_DIR; };
		7FE060CA2096419400FD8DDE /* lexer.lex */ = {isa = PBXFileReference; fileEncoding = 4; lastKnownFileType = text; path = lexer.lex; sourceTree = "<group>"; };
		7FE060CB2096419400FD8DDE /* selfcheck.txt */ = {isa = PBXFileReference; fileEncoding = 4; lastKnownFileType = text; path = selfcheck.txt; sourceTree = "<group>"; };
		7FE060CC2096419400FD8DDE /* Makefile */ = {isa = PBXFileReference; fileEncoding = 4; lastKnownFileType = sourcecode.make; path = Makefile; sourceTree = "<group>"; };
		7FE060CD2096419400FD8DDE /* hw2.h */ = {isa = PBXFileReference; fileEncoding = 4; lastKnownFileType = sourcecode.c.h; path = hw2.h; sourceTree = "<group>"; };
		7FE060CE2096419400FD8DDE /* main.cpp */ = {isa = PBXFileReference; fileEncoding = 4; lastKnownFileType = sourcecode.cpp.cpp; path = main.cpp; sourceTree = "<group>"; };
		7FE060CF2096419400FD8DDE /* grammar.cpp */ = {isa = PBXFileReference; fileEncoding = 4; lastKnownFileType = sourcecode.cpp.cpp; path = grammar.cpp; sourceTree = "<group>"; };
		7FE060D02096419400FD8DDE /* grammar.h */ = {isa = PBXFileReference; fileEncoding = 4; lastKnownFileType = sourcecode.c.h; path = grammar.h; sourceTree = "<group>"; };
		7FE060D12096419400FD8DDE /* tokens.h */ = {isa = PBXFileReference; fileEncoding = 4; lastKnownFileType = sourcecode.c.h; path = tokens.h; sourceTree = "<group>"; };
		7FE060D42096442400FD8DDE /* hw2.cpp */ = {isa = PBXFileReference; fileEncoding = 4; lastKnownFileType = sourcecode.cpp.cpp; path = hw2.cpp; sourceTree = "<group>"; };
/* End PBXFileReference section */

/* Begin PBXFrameworksBuildPhase section */
		7FE060BD2096416E00FD8DDE /* Frameworks */ = {
			isa = PBXFrameworksBuildPhase;
			buildActionMask = 2147483647;
			files = (
			);
			runOnlyForDeploymentPostprocessing = 0;
		};
/* End PBXFrameworksBuildPhase section */

/* Begin PBXGroup section */
		7FE060B72096416E00FD8DDE = {
			isa = PBXGroup;
			children = (
				7FE060C22096416E00FD8DDE /* hw2 */,
				7FE060C12096416E00FD8DDE /* Products */,
			);
			sourceTree = "<group>";
		};
		7FE060C12096416E00FD8DDE /* Products */ = {
			isa = PBXGroup;
			children = (
				7FE060C02096416E00FD8DDE /* hw2 */,
			);
			name = Products;
			sourceTree = "<group>";
		};
		7FE060C22096416E00FD8DDE /* hw2 */ = {
			isa = PBXGroup;
			children = (
				7FE060CA2096419400FD8DDE /* lexer.lex */,
				7FB5F3AF209BD21100B17964 /* lex.yy.c */,
				7FE060CB2096419400FD8DDE /* selfcheck.txt */,
				7FE060CC2096419400FD8DDE /* Makefile */,
				7FE060CD2096419400FD8DDE /* hw2.h */,
				7FE060D42096442400FD8DDE /* hw2.cpp */,
				7FE060CE2096419400FD8DDE /* main.cpp */,
				7FE060CF2096419400FD8DDE /* grammar.cpp */,
				7FE060D02096419400FD8DDE /* grammar.h */,
				7FE060D12096419400FD8DDE /* tokens.h */,
			);
			path = hw2;
			sourceTree = "<group>";
		};
/* End PBXGroup section */

/* Begin PBXNativeTarget section */
		7FE060BF2096416E00FD8DDE /* hw2 */ = {
			isa = PBXNativeTarget;
			buildConfigurationList = 7FE060C72096416F00FD8DDE /* Build configuration list for PBXNativeTarget "hw2" */;
			buildPhases = (
				7FE060BC2096416E00FD8DDE /* Sources */,
				7FE060BD2096416E00FD8DDE /* Frameworks */,
				7FE060BE2096416E00FD8DDE /* CopyFiles */,
			);
			buildRules = (
			);
			dependencies = (
			);
			name = hw2;
			productName = hw2;
			productReference = 7FE060C02096416E00FD8DDE /* hw2 */;
			productType = "com.apple.product-type.tool";
		};
/* End PBXNativeTarget section */

/* Begin PBXProject section */
		7FE060B82096416E00FD8DDE /* Project object */ = {
			isa = PBXProject;
			attributes = {
				LastUpgradeCheck = 0820;
				ORGANIZATIONNAME = ShafikNassar;
				TargetAttributes = {
					7FE060BF2096416E00FD8DDE = {
						CreatedOnToolsVersion = 8.2.1;
						ProvisioningStyle = Automatic;
					};
				};
			};
			buildConfigurationList = 7FE060BB2096416E00FD8DDE /* Build configuration list for PBXProject "hw2" */;
			compatibilityVersion = "Xcode 3.2";
			developmentRegion = English;
			hasScannedForEncodings = 0;
			knownRegions = (
				en,
			);
			mainGroup = 7FE060B72096416E00FD8DDE;
			productRefGroup = 7FE060C12096416E00FD8DDE /* Products */;
			projectDirPath = "";
			projectRoot = "";
			targets = (
				7FE060BF2096416E00FD8DDE /* hw2 */,
			);
		};
/* End PBXProject section */

/* Begin PBXSourcesBuildPhase section */
		7FE060BC2096416E00FD8DDE /* Sources */ = {
			isa = PBXSourcesBuildPhase;
			buildActionMask = 2147483647;
			files = (
				7FE060D52096442400FD8DDE /* hw2.cpp in Sources */,
				7FE060D22096419400FD8DDE /* main.cpp in Sources */,
				7FB5F3B0209BD21100B17964 /* lex.yy.c in Sources */,
				7FE060D32096419400FD8DDE /* grammar.cpp in Sources */,
			);
			runOnlyForDeploymentPostprocessing = 0;
		};
/* End PBXSourcesBuildPhase section */

/* Begin XCBuildConfiguration section */
		7FE060C52096416F00FD8DDE /* Debug */ = {
			isa = XCBuildConfiguration;
			buildSettings = {
				ALWAYS_SEARCH_USER_PATHS = NO;
				CLANG_ANALYZER_NONNULL = YES;
				CLANG_CXX_LANGUAGE_STANDARD = "gnu++0x";
				CLANG_CXX_LIBRARY = "libc++";
				CLANG_ENABLE_MODULES = YES;
				CLANG_ENABLE_OBJC_ARC = YES;
				CLANG_WARN_BOOL_CONVERSION = YES;
				CLANG_WARN_CONSTANT_CONVERSION = YES;
				CLANG_WARN_DIRECT_OBJC_ISA_USAGE = YES_ERROR;
				CLANG_WARN_DOCUMENTATION_COMMENTS = YES;
				CLANG_WARN_EMPTY_BODY = YES;
				CLANG_WARN_ENUM_CONVERSION = YES;
				CLANG_WARN_INFINITE_RECURSION = YES;
				CLANG_WARN_INT_CONVERSION = YES;
				CLANG_WARN_OBJC_ROOT_CLASS = YES_ERROR;
				CLANG_WARN_SUSPICIOUS_MOVE = YES;
				CLANG_WARN_UNREACHABLE_CODE = YES;
				CLANG_WARN__DUPLICATE_METHOD_MATCH = YES;
				CODE_SIGN_IDENTITY = "-";
				COPY_PHASE_STRIP = NO;
				DEBUG_INFORMATION_FORMAT = dwarf;
				ENABLE_STRICT_OBJC_MSGSEND = YES;
				ENABLE_TESTABILITY = YES;
				GCC_C_LANGUAGE_STANDARD = gnu99;
				GCC_DYNAMIC_NO_PIC = NO;
				GCC_NO_COMMON_BLOCKS = YES;
				GCC_OPTIMIZATION_LEVEL = 0;
				GCC_PREPROCESSOR_DEFINITIONS = (
					"DEBUG=1",
					"$(inherited)",
				);
				GCC_WARN_64_TO_32_BIT_CONVERSION = YES;
				GCC_WARN_ABOUT_RETURN_TYPE = YES_ERROR;
				GCC_WARN_UNDECLARED_SELECTOR = YES;
				GCC_WARN_UNINITIALIZED_AUTOS = YES_AGGRESSIVE;
				GCC_WARN_UNUSED_FUNCTION = YES;
				GCC_WARN_UNUSED_VARIABLE = YES;
				MACOSX_DEPLOYMENT_TARGET = 10.13;
				MTL_ENABLE_DEBUG_INFO = YES;
				ONLY_ACTIVE_ARCH = YES;
				SDKROOT = macosx;
			};
			name = Debug;
		};
		7FE060C62096416F00FD8DDE /* Release */ = {
			isa = XCBuildConfiguration;
			buildSettings = {
				ALWAYS_SEARCH_USER_PATHS = NO;
				CLANG_ANALYZER_NONNULL = YES;
				CLANG_CXX_LANGUAGE_STANDARD = "gnu++0x";
				CLANG_CXX_LIBRARY = "libc++";
				CLANG_ENABLE_MODULES = YES;
				CLANG_ENABLE_OBJC_ARC = YES;
				CLANG_WARN_BOOL_CONVERSION = YES;
				CLANG_WARN_CONSTANT_CONVERSION = YES;
				CLANG_WARN_DIRECT_OBJC_ISA_USAGE = YES_ERROR;
				CLANG_WARN_DOCUMENTATION_COMMENTS = YES;
				CLANG_WARN_EMPTY_BODY = YES;
				CLANG_WARN_ENUM_CONVERSION = YES;
				CLANG_WARN_INFINITE_RECURSION = YES;
				CLANG_WARN_INT_CONVERSION = YES;
				CLANG_WARN_OBJC_ROOT_CLASS = YES_ERROR;
				CLANG_WARN_SUSPICIOUS_MOVE = YES;
				CLANG_WARN_UNREACHABLE_CODE = YES;
				CLANG_WARN__DUPLICATE_METHOD_MATCH = YES;
				CODE_SIGN_IDENTITY = "-";
				COPY_PHASE_STRIP = NO;
				DEBUG_INFORMATION_FORMAT = "dwarf-with-dsym";
				ENABLE_NS_ASSERTIONS = NO;
				ENABLE_STRICT_OBJC_MSGSEND = YES;
				GCC_C_LANGUAGE_STANDARD = gnu99;
				GCC_NO_COMMON_BLOCKS = YES;
				GCC_WARN_64_TO_32_BIT_CONVERSION = YES;
				GCC_WARN_ABOUT_RETURN_TYPE = YES_ERROR;
				GCC_WARN_UNDECLARED_SELECTOR = YES;
				GCC_WARN_UNINITIALIZED_AUTOS = YES_AGGRESSIVE;
				GCC_WARN_UNUSED_FUNCTION = YES;
				GCC_WARN_UNUSED_VARIABLE = YES;
				MACOSX_DEPLOYMENT_TARGET = 10.13;
				MTL_ENABLE_DEBUG_INFO = NO;
				SDKROOT = macosx;
			};
			name = Release;
		};
		7FE060C82096416F00FD8DDE /* Debug */ = {
			isa = XCBuildConfiguration;
			buildSettings = {
				PRODUCT_NAME = "$(TARGET_NAME)";
			};
			name = Debug;
		};
		7FE060C92096416F00FD8DDE /* Release */ = {
			isa = XCBuildConfiguration;
			buildSettings = {
				PRODUCT_NAME = "$(TARGET_NAME)";
			};
			name = Release;
		};
/* End XCBuildConfiguration section */

/* Begin XCConfigurationList section */
		7FE060BB2096416E00FD8DDE /* Build configuration list for PBXProject "hw2" */ = {
			isa = XCConfigurationList;
			buildConfigurations = (
				7FE060C52096416F00FD8DDE /* Debug */,
				7FE060C62096416F00FD8DDE /* Release */,
			);
			defaultConfigurationIsVisible = 0;
			defaultConfigurationName = Release;
		};
		7FE060C72096416F00FD8DDE /* Build configuration list for PBXNativeTarget "hw2" */ = {
			isa = XCConfigurationList;
			buildConfigurations = (
				7FE060C82096416F00FD8DDE /* Debug */,
				7FE060C92096416F00FD8DDE /* Release */,
			);
			defaultConfigurationIsVisible = 0;
			defaultConfigurationName = Release;
		};
/* End XCConfigurationList section */
	};
	rootObject = 7FE060B82096416E00FD8DDE /* Project object */;
}
