// !$*UTF8*$!
{
	archiveVersion = 1;
	classes = {
	};
	objectVersion = 46;
	objects = {

/* Begin PBXBuildFile section */
		7F63F7B620B5985A008FF2FC /* main.cpp in Sources */ = {isa = PBXBuildFile; fileRef = 7F63F7B520B5985A008FF2FC /* main.cpp */; };
		7F63F7C020B598B6008FF2FC /* output.cpp in Sources */ = {isa = PBXBuildFile; fileRef = 7F63F7BD20B598B6008FF2FC /* output.cpp */; };
		7F63F7C120B598B6008FF2FC /* Makefile in Sources */ = {isa = PBXBuildFile; fileRef = 7F63F7BF20B598B6008FF2FC /* Makefile */; };
		7F63F7C420B598E2008FF2FC /* parser.ypp in Sources */ = {isa = PBXBuildFile; fileRef = 7F63F7C220B598E2008FF2FC /* parser.ypp */; };
		7F63F7C720B5C590008FF2FC /* attributes.cpp in Sources */ = {isa = PBXBuildFile; fileRef = 7F63F7C520B5C590008FF2FC /* attributes.cpp */; };
		8CF04F4B20BB4BE700AD546D /* semantic_actions.cpp in Sources */ = {isa = PBXBuildFile; fileRef = 8CF04F4920BB4BE700AD546D /* semantic_actions.cpp */; };
/* End PBXBuildFile section */

/* Begin PBXCopyFilesBuildPhase section */
		7F63F7B020B5985A008FF2FC /* CopyFiles */ = {
			isa = PBXCopyFilesBuildPhase;
			buildActionMask = 2147483647;
			dstPath = /usr/share/man/man1/;
			dstSubfolderSpec = 0;
			files = (
			);
			runOnlyForDeploymentPostprocessing = 1;
		};
/* End PBXCopyFilesBuildPhase section */

/* Begin PBXFileReference section */
		7F63F7B220B5985A008FF2FC /* hw3 */ = {isa = PBXFileReference; explicitFileType = "compiled.mach-o.executable"; includeInIndex = 0; path = hw3; sourceTree = BUILT_PRODUCTS_DIR; };
		7F63F7B520B5985A008FF2FC /* main.cpp */ = {isa = PBXFileReference; lastKnownFileType = sourcecode.cpp.cpp; path = main.cpp; sourceTree = "<group>"; };
		7F63F7BC20B598B6008FF2FC /* output.hpp */ = {isa = PBXFileReference; fileEncoding = 4; lastKnownFileType = sourcecode.cpp.h; path = output.hpp; sourceTree = "<group>"; };
		7F63F7BD20B598B6008FF2FC /* output.cpp */ = {isa = PBXFileReference; fileEncoding = 4; lastKnownFileType = sourcecode.cpp.cpp; path = output.cpp; sourceTree = "<group>"; };
		7F63F7BE20B598B6008FF2FC /* selfcheck.txt */ = {isa = PBXFileReference; fileEncoding = 4; lastKnownFileType = text; path = selfcheck.txt; sourceTree = "<group>"; };
		7F63F7BF20B598B6008FF2FC /* Makefile */ = {isa = PBXFileReference; fileEncoding = 4; lastKnownFileType = sourcecode.make; path = Makefile; sourceTree = "<group>"; };
		7F63F7C220B598E2008FF2FC /* parser.ypp */ = {isa = PBXFileReference; fileEncoding = 4; lastKnownFileType = sourcecode.yacc; path = parser.ypp; sourceTree = "<group>"; };
		7F63F7C520B5C590008FF2FC /* attributes.cpp */ = {isa = PBXFileReference; fileEncoding = 4; lastKnownFileType = sourcecode.cpp.cpp; path = attributes.cpp; sourceTree = "<group>"; };
		7F63F7C620B5C590008FF2FC /* attributes.hpp */ = {isa = PBXFileReference; fileEncoding = 4; lastKnownFileType = sourcecode.cpp.h; path = attributes.hpp; sourceTree = "<group>"; };
		8CEC0CF420B5AC7F001960F4 /* scanner.lex */ = {isa = PBXFileReference; lastKnownFileType = text; path = scanner.lex; sourceTree = "<group>"; };
		8CF04F4920BB4BE700AD546D /* semantic_actions.cpp */ = {isa = PBXFileReference; lastKnownFileType = sourcecode.cpp.cpp; path = semantic_actions.cpp; sourceTree = "<group>"; };
		8CF04F4A20BB4BE700AD546D /* semantic_actions.hpp */ = {isa = PBXFileReference; lastKnownFileType = sourcecode.cpp.h; path = semantic_actions.hpp; sourceTree = "<group>"; };
/* End PBXFileReference section */

/* Begin PBXFrameworksBuildPhase section */
		7F63F7AF20B5985A008FF2FC /* Frameworks */ = {
			isa = PBXFrameworksBuildPhase;
			buildActionMask = 2147483647;
			files = (
			);
			runOnlyForDeploymentPostprocessing = 0;
		};
/* End PBXFrameworksBuildPhase section */

/* Begin PBXGroup section */
		7F63F7A920B5985A008FF2FC = {
			isa = PBXGroup;
			children = (
				7F63F7B420B5985A008FF2FC /* hw3 */,
				7F63F7B320B5985A008FF2FC /* Products */,
			);
			sourceTree = "<group>";
		};
		7F63F7B320B5985A008FF2FC /* Products */ = {
			isa = PBXGroup;
			children = (
				7F63F7B220B5985A008FF2FC /* hw3 */,
			);
			name = Products;
			sourceTree = "<group>";
		};
		7F63F7B420B5985A008FF2FC /* hw3 */ = {
			isa = PBXGroup;
			children = (
				7F63F7B520B5985A008FF2FC /* main.cpp */,
				7F63F7C220B598E2008FF2FC /* parser.ypp */,
				8CF04F4920BB4BE700AD546D /* semantic_actions.cpp */,
				8CF04F4A20BB4BE700AD546D /* semantic_actions.hpp */,
				7F63F7C520B5C590008FF2FC /* attributes.cpp */,
				7F63F7C620B5C590008FF2FC /* attributes.hpp */,
				7F63F7BC20B598B6008FF2FC /* output.hpp */,
				7F63F7BD20B598B6008FF2FC /* output.cpp */,
				7F63F7BE20B598B6008FF2FC /* selfcheck.txt */,
				7F63F7BF20B598B6008FF2FC /* Makefile */,
				8CEC0CF420B5AC7F001960F4 /* scanner.lex */,
			);
			path = hw3;
			sourceTree = "<group>";
		};
/* End PBXGroup section */

/* Begin PBXNativeTarget section */
		7F63F7B120B5985A008FF2FC /* hw3 */ = {
			isa = PBXNativeTarget;
			buildConfigurationList = 7F63F7B920B5985A008FF2FC /* Build configuration list for PBXNativeTarget "hw3" */;
			buildPhases = (
				7F63F7AE20B5985A008FF2FC /* Sources */,
				7F63F7AF20B5985A008FF2FC /* Frameworks */,
				7F63F7B020B5985A008FF2FC /* CopyFiles */,
			);
			buildRules = (
			);
			dependencies = (
			);
			name = hw3;
			productName = hw3;
			productReference = 7F63F7B220B5985A008FF2FC /* hw3 */;
			productType = "com.apple.product-type.tool";
		};
/* End PBXNativeTarget section */

/* Begin PBXProject section */
		7F63F7AA20B5985A008FF2FC /* Project object */ = {
			isa = PBXProject;
			attributes = {
				LastUpgradeCheck = 0930;
				ORGANIZATIONNAME = ShafikNassar;
				TargetAttributes = {
					7F63F7B120B5985A008FF2FC = {
						CreatedOnToolsVersion = 8.2.1;
						ProvisioningStyle = Automatic;
					};
				};
			};
			buildConfigurationList = 7F63F7AD20B5985A008FF2FC /* Build configuration list for PBXProject "hw3" */;
			compatibilityVersion = "Xcode 3.2";
			developmentRegion = English;
			hasScannedForEncodings = 0;
			knownRegions = (
				en,
			);
			mainGroup = 7F63F7A920B5985A008FF2FC;
			productRefGroup = 7F63F7B320B5985A008FF2FC /* Products */;
			projectDirPath = "";
			projectRoot = "";
			targets = (
				7F63F7B120B5985A008FF2FC /* hw3 */,
			);
		};
/* End PBXProject section */

/* Begin PBXSourcesBuildPhase section */
		7F63F7AE20B5985A008FF2FC /* Sources */ = {
			isa = PBXSourcesBuildPhase;
			buildActionMask = 2147483647;
			files = (
				7F63F7C420B598E2008FF2FC /* parser.ypp in Sources */,
				7F63F7C120B598B6008FF2FC /* Makefile in Sources */,
				7F63F7C020B598B6008FF2FC /* output.cpp in Sources */,
				8CF04F4B20BB4BE700AD546D /* semantic_actions.cpp in Sources */,
				7F63F7C720B5C590008FF2FC /* attributes.cpp in Sources */,
				7F63F7B620B5985A008FF2FC /* main.cpp in Sources */,
			);
			runOnlyForDeploymentPostprocessing = 0;
		};
/* End PBXSourcesBuildPhase section */

/* Begin XCBuildConfiguration section */
		7F63F7B720B5985A008FF2FC /* Debug */ = {
			isa = XCBuildConfiguration;
			buildSettings = {
				ALWAYS_SEARCH_USER_PATHS = NO;
				CLANG_ANALYZER_NONNULL = YES;
				CLANG_CXX_LANGUAGE_STANDARD = "gnu++0x";
				CLANG_CXX_LIBRARY = "libc++";
				CLANG_ENABLE_MODULES = YES;
				CLANG_ENABLE_OBJC_ARC = YES;
				CLANG_WARN_BLOCK_CAPTURE_AUTORELEASING = YES;
				CLANG_WARN_BOOL_CONVERSION = YES;
				CLANG_WARN_COMMA = YES;
				CLANG_WARN_CONSTANT_CONVERSION = YES;
				CLANG_WARN_DEPRECATED_OBJC_IMPLEMENTATIONS = YES;
				CLANG_WARN_DIRECT_OBJC_ISA_USAGE = YES_ERROR;
				CLANG_WARN_DOCUMENTATION_COMMENTS = YES;
				CLANG_WARN_EMPTY_BODY = YES;
				CLANG_WARN_ENUM_CONVERSION = YES;
				CLANG_WARN_INFINITE_RECURSION = YES;
				CLANG_WARN_INT_CONVERSION = YES;
				CLANG_WARN_NON_LITERAL_NULL_CONVERSION = YES;
				CLANG_WARN_OBJC_IMPLICIT_RETAIN_SELF = YES;
				CLANG_WARN_OBJC_LITERAL_CONVERSION = YES;
				CLANG_WARN_OBJC_ROOT_CLASS = YES_ERROR;
				CLANG_WARN_RANGE_LOOP_ANALYSIS = YES;
				CLANG_WARN_STRICT_PROTOTYPES = YES;
				CLANG_WARN_SUSPICIOUS_MOVE = YES;
				CLANG_WARN_UNREACHABLE_CODE = YES;
				CLANG_WARN__DUPLICATE_METHOD_MATCH = YES;
				CODE_SIGN_IDENTITY = "-";
				COPY_PHASE_STRIP = NO;
				DEBUG_INFORMATION_FORMAT = dwarf;
				ENABLE_STRICT_OBJC_MSGSEND = YES;
				ENABLE_TESTABILITY = YES;
				GCC_C_LANGUAGE_STANDARD = gnu99;
				GCC_DYNAMIC_NO_PIC = NO;
				GCC_NO_COMMON_BLOCKS = YES;
				GCC_OPTIMIZATION_LEVEL = 0;
				GCC_PREPROCESSOR_DEFINITIONS = (
					"DEBUG=1",
					"$(inherited)",
				);
				GCC_WARN_64_TO_32_BIT_CONVERSION = YES;
				GCC_WARN_ABOUT_RETURN_TYPE = YES_ERROR;
				GCC_WARN_UNDECLARED_SELECTOR = YES;
				GCC_WARN_UNINITIALIZED_AUTOS = YES_AGGRESSIVE;
				GCC_WARN_UNUSED_FUNCTION = YES;
				GCC_WARN_UNUSED_VARIABLE = YES;
				MACOSX_DEPLOYMENT_TARGET = 10.13;
				MTL_ENABLE_DEBUG_INFO = YES;
				ONLY_ACTIVE_ARCH = YES;
				SDKROOT = macosx;
			};
			name = Debug;
		};
		7F63F7B820B5985A008FF2FC /* Release */ = {
			isa = XCBuildConfiguration;
			buildSettings = {
				ALWAYS_SEARCH_USER_PATHS = NO;
				CLANG_ANALYZER_NONNULL = YES;
				CLANG_CXX_LANGUAGE_STANDARD = "gnu++0x";
				CLANG_CXX_LIBRARY = "libc++";
				CLANG_ENABLE_MODULES = YES;
				CLANG_ENABLE_OBJC_ARC = YES;
				CLANG_WARN_BLOCK_CAPTURE_AUTORELEASING = YES;
				CLANG_WARN_BOOL_CONVERSION = YES;
				CLANG_WARN_COMMA = YES;
				CLANG_WARN_CONSTANT_CONVERSION = YES;
				CLANG_WARN_DEPRECATED_OBJC_IMPLEMENTATIONS = YES;
				CLANG_WARN_DIRECT_OBJC_ISA_USAGE = YES_ERROR;
				CLANG_WARN_DOCUMENTATION_COMMENTS = YES;
				CLANG_WARN_EMPTY_BODY = YES;
				CLANG_WARN_ENUM_CONVERSION = YES;
				CLANG_WARN_INFINITE_RECURSION = YES;
				CLANG_WARN_INT_CONVERSION = YES;
				CLANG_WARN_NON_LITERAL_NULL_CONVERSION = YES;
				CLANG_WARN_OBJC_IMPLICIT_RETAIN_SELF = YES;
				CLANG_WARN_OBJC_LITERAL_CONVERSION = YES;
				CLANG_WARN_OBJC_ROOT_CLASS = YES_ERROR;
				CLANG_WARN_RANGE_LOOP_ANALYSIS = YES;
				CLANG_WARN_STRICT_PROTOTYPES = YES;
				CLANG_WARN_SUSPICIOUS_MOVE = YES;
				CLANG_WARN_UNREACHABLE_CODE = YES;
				CLANG_WARN__DUPLICATE_METHOD_MATCH = YES;
				CODE_SIGN_IDENTITY = "-";
				COPY_PHASE_STRIP = NO;
				DEBUG_INFORMATION_FORMAT = "dwarf-with-dsym";
				ENABLE_NS_ASSERTIONS = NO;
				ENABLE_STRICT_OBJC_MSGSEND = YES;
				GCC_C_LANGUAGE_STANDARD = gnu99;
				GCC_NO_COMMON_BLOCKS = YES;
				GCC_WARN_64_TO_32_BIT_CONVERSION = YES;
				GCC_WARN_ABOUT_RETURN_TYPE = YES_ERROR;
				GCC_WARN_UNDECLARED_SELECTOR = YES;
				GCC_WARN_UNINITIALIZED_AUTOS = YES_AGGRESSIVE;
				GCC_WARN_UNUSED_FUNCTION = YES;
				GCC_WARN_UNUSED_VARIABLE = YES;
				MACOSX_DEPLOYMENT_TARGET = 10.13;
				MTL_ENABLE_DEBUG_INFO = NO;
				SDKROOT = macosx;
			};
			name = Release;
		};
		7F63F7BA20B5985A008FF2FC /* Debug */ = {
			isa = XCBuildConfiguration;
			buildSettings = {
				PRODUCT_NAME = "$(TARGET_NAME)";
			};
			name = Debug;
		};
		7F63F7BB20B5985A008FF2FC /* Release */ = {
			isa = XCBuildConfiguration;
			buildSettings = {
				PRODUCT_NAME = "$(TARGET_NAME)";
			};
			name = Release;
		};
/* End XCBuildConfiguration section */

/* Begin XCConfigurationList section */
		7F63F7AD20B5985A008FF2FC /* Build configuration list for PBXProject "hw3" */ = {
			isa = XCConfigurationList;
			buildConfigurations = (
				7F63F7B720B5985A008FF2FC /* Debug */,
				7F63F7B820B5985A008FF2FC /* Release */,
			);
			defaultConfigurationIsVisible = 0;
			defaultConfigurationName = Release;
		};
		7F63F7B920B5985A008FF2FC /* Build configuration list for PBXNativeTarget "hw3" */ = {
			isa = XCConfigurationList;
			buildConfigurations = (
				7F63F7BA20B5985A008FF2FC /* Debug */,
				7F63F7BB20B5985A008FF2FC /* Release */,
			);
			defaultConfigurationIsVisible = 0;
			defaultConfigurationName = Release;
		};
/* End XCConfigurationList section */
	};
	rootObject = 7F63F7AA20B5985A008FF2FC /* Project object */;
}
